
Microsoft Visual Studio Solution File, Format Version 12.00
# Visual Studio 2012
Project("{FAE04EC0-301F-11D3-BF4B-00C04F79EFBC}") = "DecklinkStreamer", "DecklinkStreamer\DecklinkStreamer.csproj", "{B298C3E1-335F-47F5-AA5F-FE8822FD0B95}"
EndProject
Project("{FAE04EC0-301F-11D3-BF4B-00C04F79EFBC}") = "Media", "Media\Media.csproj", "{A499B624-CB09-4CD3-B991-4BE1CA90FA36}"
EndProject
Project("{FAE04EC0-301F-11D3-BF4B-00C04F79EFBC}") = "FFM2", "FFM2\FFM2.csproj", "{C9614E96-752D-4DF9-8A40-7FB663163B90}"
EndProject
Global
	GlobalSection(SolutionConfigurationPlatforms) = preSolution
		Debug|Any CPU = Debug|Any CPU
		Release|Any CPU = Release|Any CPU
	EndGlobalSection
	GlobalSection(ProjectConfigurationPlatforms) = postSolution
		{B298C3E1-335F-47F5-AA5F-FE8822FD0B95}.Debug|Any CPU.ActiveCfg = Debug|Any CPU
		{B298C3E1-335F-47F5-AA5F-FE8822FD0B95}.Debug|Any CPU.Build.0 = Debug|Any CPU
		{B298C3E1-335F-47F5-AA5F-FE8822FD0B95}.Release|Any CPU.ActiveCfg = Release|Any CPU
		{B298C3E1-335F-47F5-AA5F-FE8822FD0B95}.Release|Any CPU.Build.0 = Release|Any CPU
		{A499B624-CB09-4CD3-B991-4BE1CA90FA36}.Debug|Any CPU.ActiveCfg = Debug|Any CPU
		{A499B624-CB09-4CD3-B991-4BE1CA90FA36}.Debug|Any CPU.Build.0 = Debug|Any CPU
		{A499B624-CB09-4CD3-B991-4BE1CA90FA36}.Release|Any CPU.ActiveCfg = Release|Any CPU
		{A499B624-CB09-4CD3-B991-4BE1CA90FA36}.Release|Any CPU.Build.0 = Release|Any CPU
		{C9614E96-752D-4DF9-8A40-7FB663163B90}.Debug|Any CPU.ActiveCfg = Debug|Any CPU
		{C9614E96-752D-4DF9-8A40-7FB663163B90}.Debug|Any CPU.Build.0 = Debug|Any CPU
		{C9614E96-752D-4DF9-8A40-7FB663163B90}.Release|Any CPU.ActiveCfg = Release|Any CPU
		{C9614E96-752D-4DF9-8A40-7FB663163B90}.Release|Any CPU.Build.0 = Release|Any CPU
	EndGlobalSection
	GlobalSection(SolutionProperties) = preSolution
		HideSolutionNode = FALSE
	EndGlobalSection
EndGlobal
